
Microsoft Visual Studio Solution File, Format Version 12.00
# Visual Studio Version 17
VisualStudioVersion = 17.3.32804.467
MinimumVisualStudioVersion = 10.0.40219.1
Project("{9A19103F-16F7-4668-BE54-9A1E7A4F7556}") = "MalfunctionTrackerUI", "MalfunctionTrackerUI\MalfunctionTrackerUI.csproj", "{07FB8DE6-7A42-4A4D-9374-0AC6AC796A95}"
EndProject
Project("{9A19103F-16F7-4668-BE54-9A1E7A4F7556}") = "MalfunctionTrackerData", "MalfunctionTrackerData\MalfunctionTrackerData.csproj", "{C6B0209A-2273-44DE-B836-78A66EC53232}"
EndProject
Global
	GlobalSection(SolutionConfigurationPlatforms) = preSolution
		Debug|Any CPU = Debug|Any CPU
		Release|Any CPU = Release|Any CPU
	EndGlobalSection
	GlobalSection(ProjectConfigurationPlatforms) = postSolution
		{07FB8DE6-7A42-4A4D-9374-0AC6AC796A95}.Debug|Any CPU.ActiveCfg = Debug|Any CPU
		{07FB8DE6-7A42-4A4D-9374-0AC6AC796A95}.Debug|Any CPU.Build.0 = Debug|Any CPU
		{07FB8DE6-7A42-4A4D-9374-0AC6AC796A95}.Release|Any CPU.ActiveCfg = Release|Any CPU
		{07FB8DE6-7A42-4A4D-9374-0AC6AC796A95}.Release|Any CPU.Build.0 = Release|Any CPU
		{C6B0209A-2273-44DE-B836-78A66EC53232}.Debug|Any CPU.ActiveCfg = Debug|Any CPU
		{C6B0209A-2273-44DE-B836-78A66EC53232}.Debug|Any CPU.Build.0 = Debug|Any CPU
		{C6B0209A-2273-44DE-B836-78A66EC53232}.Release|Any CPU.ActiveCfg = Release|Any CPU
		{C6B0209A-2273-44DE-B836-78A66EC53232}.Release|Any CPU.Build.0 = Release|Any CPU
	EndGlobalSection
	GlobalSection(SolutionProperties) = preSolution
		HideSolutionNode = FALSE
	EndGlobalSection
	GlobalSection(ExtensibilityGlobals) = postSolution
		SolutionGuid = {D3A10267-4321-475D-89BE-77630F938259}
	EndGlobalSection
EndGlobal
